
Microsoft Visual Studio Solution File, Format Version 12.00
# Visual Studio 15
VisualStudioVersion = 15.0.27004.2009
MinimumVisualStudioVersion = 10.0.40219.1
Project("{2150E333-8FDC-42A3-9474-1A3956D46DE8}") = "EBS", "EBS", "{50F50F4A-DAE7-43A6-8903-74D5B7D09AEB}"
EndProject
Project("{2150E333-8FDC-42A3-9474-1A3956D46DE8}") = "SharedLib", "SharedLib", "{85A6B074-78CE-44DC-9847-7581FA9827A1}"
EndProject
Project("{FAE04EC0-301F-11D3-BF4B-00C04F79EFBC}") = "ConnectorLib", "EBS\ConnectorLib\ConnectorLib.csproj", "{BB5C2480-897B-413D-A732-B941E1194E91}"
EndProject
Project("{FAE04EC0-301F-11D3-BF4B-00C04F79EFBC}") = "ConnectorUI", "EBS\ConnectorUI\ConnectorUI.csproj", "{F9971D8F-5FEF-4C09-B65C-8DE8177EC6AB}"
EndProject
Project("{FAE04EC0-301F-11D3-BF4B-00C04F79EFBC}") = "ConnectorModel", "EBS\ConnectorModel\ConnectorModel.csproj", "{D900A147-94AA-40EE-9D52-BA4BFBCC0A70}"
EndProject
Project("{FAE04EC0-301F-11D3-BF4B-00C04F79EFBC}") = "ConnectorEntity", "SharedLib\Entity\ConnectorEntity.csproj", "{6C77D23E-63F6-4759-A5C4-6C02C3B6EBE3}"
EndProject
Project("{FAE04EC0-301F-11D3-BF4B-00C04F79EFBC}") = "ODBC", "SharedLib\ODBC\ODBC.csproj", "{F545FE3F-9F7D-4F5A-90A8-5B6FE284DCAA}"
EndProject
Project("{FAE04EC0-301F-11D3-BF4B-00C04F79EFBC}") = "Tulpep.NotificationWindow", "SharedLib\Tulpep.NotificationWindow\Tulpep.NotificationWindow.csproj", "{605006EB-D4E6-4312-A293-3A43FAC43240}"
EndProject
Project("{FAE04EC0-301F-11D3-BF4B-00C04F79EFBC}") = "Utility", "SharedLib\Utility\Utility.csproj", "{1BA2DC62-683C-4894-8DDC-E4002E60050E}"
EndProject
Project("{FAE04EC0-301F-11D3-BF4B-00C04F79EFBC}") = "WebClientUtility", "SharedLib\WebClient\WebClientUtility.csproj", "{CBEEC4D5-9111-48E5-A79A-DE206EF71532}"
EndProject
Global
	GlobalSection(SolutionConfigurationPlatforms) = preSolution
		Debug|Any CPU = Debug|Any CPU
		Debug|x86 = Debug|x86
		Release|Any CPU = Release|Any CPU
		Release|x86 = Release|x86
	EndGlobalSection
	GlobalSection(ProjectConfigurationPlatforms) = postSolution
		{BB5C2480-897B-413D-A732-B941E1194E91}.Debug|Any CPU.ActiveCfg = Debug|Any CPU
		{BB5C2480-897B-413D-A732-B941E1194E91}.Debug|Any CPU.Build.0 = Debug|Any CPU
		{BB5C2480-897B-413D-A732-B941E1194E91}.Debug|x86.ActiveCfg = Debug|Any CPU
		{BB5C2480-897B-413D-A732-B941E1194E91}.Debug|x86.Build.0 = Debug|Any CPU
		{BB5C2480-897B-413D-A732-B941E1194E91}.Release|Any CPU.ActiveCfg = Release|Any CPU
		{BB5C2480-897B-413D-A732-B941E1194E91}.Release|Any CPU.Build.0 = Release|Any CPU
		{BB5C2480-897B-413D-A732-B941E1194E91}.Release|x86.ActiveCfg = Release|Any CPU
		{BB5C2480-897B-413D-A732-B941E1194E91}.Release|x86.Build.0 = Release|Any CPU
		{F9971D8F-5FEF-4C09-B65C-8DE8177EC6AB}.Debug|Any CPU.ActiveCfg = Debug|Any CPU
		{F9971D8F-5FEF-4C09-B65C-8DE8177EC6AB}.Debug|Any CPU.Build.0 = Debug|Any CPU
		{F9971D8F-5FEF-4C09-B65C-8DE8177EC6AB}.Debug|x86.ActiveCfg = Debug|x86
		{F9971D8F-5FEF-4C09-B65C-8DE8177EC6AB}.Debug|x86.Build.0 = Debug|x86
		{F9971D8F-5FEF-4C09-B65C-8DE8177EC6AB}.Release|Any CPU.ActiveCfg = Release|Any CPU
		{F9971D8F-5FEF-4C09-B65C-8DE8177EC6AB}.Release|Any CPU.Build.0 = Release|Any CPU
		{F9971D8F-5FEF-4C09-B65C-8DE8177EC6AB}.Release|x86.ActiveCfg = Release|x86
		{F9971D8F-5FEF-4C09-B65C-8DE8177EC6AB}.Release|x86.Build.0 = Release|x86
		{D900A147-94AA-40EE-9D52-BA4BFBCC0A70}.Debug|Any CPU.ActiveCfg = Debug|Any CPU
		{D900A147-94AA-40EE-9D52-BA4BFBCC0A70}.Debug|Any CPU.Build.0 = Debug|Any CPU
		{D900A147-94AA-40EE-9D52-BA4BFBCC0A70}.Debug|x86.ActiveCfg = Debug|Any CPU
		{D900A147-94AA-40EE-9D52-BA4BFBCC0A70}.Debug|x86.Build.0 = Debug|Any CPU
		{D900A147-94AA-40EE-9D52-BA4BFBCC0A70}.Release|Any CPU.ActiveCfg = Release|Any CPU
		{D900A147-94AA-40EE-9D52-BA4BFBCC0A70}.Release|Any CPU.Build.0 = Release|Any CPU
		{D900A147-94AA-40EE-9D52-BA4BFBCC0A70}.Release|x86.ActiveCfg = Release|Any CPU
		{D900A147-94AA-40EE-9D52-BA4BFBCC0A70}.Release|x86.Build.0 = Release|Any CPU
		{6C77D23E-63F6-4759-A5C4-6C02C3B6EBE3}.Debug|Any CPU.ActiveCfg = Debug|Any CPU
		{6C77D23E-63F6-4759-A5C4-6C02C3B6EBE3}.Debug|Any CPU.Build.0 = Debug|Any CPU
		{6C77D23E-63F6-4759-A5C4-6C02C3B6EBE3}.Debug|x86.ActiveCfg = Debug|Any CPU
		{6C77D23E-63F6-4759-A5C4-6C02C3B6EBE3}.Debug|x86.Build.0 = Debug|Any CPU
		{6C77D23E-63F6-4759-A5C4-6C02C3B6EBE3}.Release|Any CPU.ActiveCfg = Release|Any CPU
		{6C77D23E-63F6-4759-A5C4-6C02C3B6EBE3}.Release|Any CPU.Build.0 = Release|Any CPU
		{6C77D23E-63F6-4759-A5C4-6C02C3B6EBE3}.Release|x86.ActiveCfg = Release|Any CPU
		{6C77D23E-63F6-4759-A5C4-6C02C3B6EBE3}.Release|x86.Build.0 = Release|Any CPU
		{F545FE3F-9F7D-4F5A-90A8-5B6FE284DCAA}.Debug|Any CPU.ActiveCfg = Debug|Any CPU
		{F545FE3F-9F7D-4F5A-90A8-5B6FE284DCAA}.Debug|Any CPU.Build.0 = Debug|Any CPU
		{F545FE3F-9F7D-4F5A-90A8-5B6FE284DCAA}.Debug|x86.ActiveCfg = Debug|x86
		{F545FE3F-9F7D-4F5A-90A8-5B6FE284DCAA}.Debug|x86.Build.0 = Debug|x86
		{F545FE3F-9F7D-4F5A-90A8-5B6FE284DCAA}.Release|Any CPU.ActiveCfg = Release|Any CPU
		{F545FE3F-9F7D-4F5A-90A8-5B6FE284DCAA}.Release|Any CPU.Build.0 = Release|Any CPU
		{F545FE3F-9F7D-4F5A-90A8-5B6FE284DCAA}.Release|x86.ActiveCfg = Release|x86
		{F545FE3F-9F7D-4F5A-90A8-5B6FE284DCAA}.Release|x86.Build.0 = Release|x86
		{605006EB-D4E6-4312-A293-3A43FAC43240}.Debug|Any CPU.ActiveCfg = Debug|Any CPU
		{605006EB-D4E6-4312-A293-3A43FAC43240}.Debug|Any CPU.Build.0 = Debug|Any CPU
		{605006EB-D4E6-4312-A293-3A43FAC43240}.Debug|x86.ActiveCfg = Debug|x86
		{605006EB-D4E6-4312-A293-3A43FAC43240}.Debug|x86.Build.0 = Debug|x86
		{605006EB-D4E6-4312-A293-3A43FAC43240}.Release|Any CPU.ActiveCfg = Release|Any CPU
		{605006EB-D4E6-4312-A293-3A43FAC43240}.Release|Any CPU.Build.0 = Release|Any CPU
		{605006EB-D4E6-4312-A293-3A43FAC43240}.Release|x86.ActiveCfg = Release|x86
		{605006EB-D4E6-4312-A293-3A43FAC43240}.Release|x86.Build.0 = Release|x86
		{1BA2DC62-683C-4894-8DDC-E4002E60050E}.Debug|Any CPU.ActiveCfg = Debug|Any CPU
		{1BA2DC62-683C-4894-8DDC-E4002E60050E}.Debug|Any CPU.Build.0 = Debug|Any CPU
		{1BA2DC62-683C-4894-8DDC-E4002E60050E}.Debug|x86.ActiveCfg = Debug|Any CPU
		{1BA2DC62-683C-4894-8DDC-E4002E60050E}.Debug|x86.Build.0 = Debug|Any CPU
		{1BA2DC62-683C-4894-8DDC-E4002E60050E}.Release|Any CPU.ActiveCfg = Release|Any CPU
		{1BA2DC62-683C-4894-8DDC-E4002E60050E}.Release|Any CPU.Build.0 = Release|Any CPU
		{1BA2DC62-683C-4894-8DDC-E4002E60050E}.Release|x86.ActiveCfg = Release|Any CPU
		{1BA2DC62-683C-4894-8DDC-E4002E60050E}.Release|x86.Build.0 = Release|Any CPU
		{CBEEC4D5-9111-48E5-A79A-DE206EF71532}.Debug|Any CPU.ActiveCfg = Debug|Any CPU
		{CBEEC4D5-9111-48E5-A79A-DE206EF71532}.Debug|Any CPU.Build.0 = Debug|Any CPU
		{CBEEC4D5-9111-48E5-A79A-DE206EF71532}.Debug|x86.ActiveCfg = Debug|Any CPU
		{CBEEC4D5-9111-48E5-A79A-DE206EF71532}.Debug|x86.Build.0 = Debug|Any CPU
		{CBEEC4D5-9111-48E5-A79A-DE206EF71532}.Release|Any CPU.ActiveCfg = Release|Any CPU
		{CBEEC4D5-9111-48E5-A79A-DE206EF71532}.Release|Any CPU.Build.0 = Release|Any CPU
		{CBEEC4D5-9111-48E5-A79A-DE206EF71532}.Release|x86.ActiveCfg = Release|Any CPU
		{CBEEC4D5-9111-48E5-A79A-DE206EF71532}.Release|x86.Build.0 = Release|Any CPU
	EndGlobalSection
	GlobalSection(SolutionProperties) = preSolution
		HideSolutionNode = FALSE
	EndGlobalSection
	GlobalSection(NestedProjects) = preSolution
		{BB5C2480-897B-413D-A732-B941E1194E91} = {50F50F4A-DAE7-43A6-8903-74D5B7D09AEB}
		{F9971D8F-5FEF-4C09-B65C-8DE8177EC6AB} = {50F50F4A-DAE7-43A6-8903-74D5B7D09AEB}
		{D900A147-94AA-40EE-9D52-BA4BFBCC0A70} = {50F50F4A-DAE7-43A6-8903-74D5B7D09AEB}
		{6C77D23E-63F6-4759-A5C4-6C02C3B6EBE3} = {85A6B074-78CE-44DC-9847-7581FA9827A1}
		{F545FE3F-9F7D-4F5A-90A8-5B6FE284DCAA} = {85A6B074-78CE-44DC-9847-7581FA9827A1}
		{605006EB-D4E6-4312-A293-3A43FAC43240} = {85A6B074-78CE-44DC-9847-7581FA9827A1}
		{1BA2DC62-683C-4894-8DDC-E4002E60050E} = {85A6B074-78CE-44DC-9847-7581FA9827A1}
		{CBEEC4D5-9111-48E5-A79A-DE206EF71532} = {85A6B074-78CE-44DC-9847-7581FA9827A1}
	EndGlobalSection
	GlobalSection(ExtensibilityGlobals) = postSolution
		SolutionGuid = {7FAC7A04-69CC-43A0-89F6-4F789424118A}
	EndGlobalSection
EndGlobal
